
Microsoft Visual Studio Solution File, Format Version 12.00
# Visual Studio Version 17
VisualStudioVersion = 17.5.33530.505
MinimumVisualStudioVersion = 10.0.40219.1
Project("{FAE04EC0-301F-11D3-BF4B-00C04F79EFBC}") = "rfidProject", "rfidProject\rfidProject.csproj", "{AB3412B1-62BD-43EF-A4DE-8949368A7576}"
EndProject
Global
	GlobalSection(SolutionConfigurationPlatforms) = preSolution
		Debug|Any CPU = Debug|Any CPU
		Release|Any CPU = Release|Any CPU
	EndGlobalSection
	GlobalSection(ProjectConfigurationPlatforms) = postSolution
		{AB3412B1-62BD-43EF-A4DE-8949368A7576}.Debug|Any CPU.ActiveCfg = Debug|Any CPU
		{AB3412B1-62BD-43EF-A4DE-8949368A7576}.Debug|Any CPU.Build.0 = Debug|Any CPU
		{AB3412B1-62BD-43EF-A4DE-8949368A7576}.Release|Any CPU.ActiveCfg = Release|Any CPU
		{AB3412B1-62BD-43EF-A4DE-8949368A7576}.Release|Any CPU.Build.0 = Release|Any CPU
	EndGlobalSection
	GlobalSection(SolutionProperties) = preSolution
		HideSolutionNode = FALSE
	EndGlobalSection
	GlobalSection(ExtensibilityGlobals) = postSolution
		SolutionGuid = {FD029085-91CB-4A33-8E5C-82DBC39D19D7}
	EndGlobalSection
EndGlobal
